
Microsoft Visual Studio Solution File, Format Version 12.00
# Visual Studio Version 17
VisualStudioVersion = 17.4.33110.190
MinimumVisualStudioVersion = 10.0.40219.1
Project("{FAE04EC0-301F-11D3-BF4B-00C04F79EFBC}") = "Solid01_SingleResponsibility", "Solid01_SingleResponsibility.csproj", "{E92FAA24-746A-443F-A5D2-F56580ECF2A3}"
EndProject
Global
	GlobalSection(SolutionConfigurationPlatforms) = preSolution
		Debug|Any CPU = Debug|Any CPU
		Release|Any CPU = Release|Any CPU
	EndGlobalSection
	GlobalSection(ProjectConfigurationPlatforms) = postSolution
		{E92FAA24-746A-443F-A5D2-F56580ECF2A3}.Debug|Any CPU.ActiveCfg = Debug|Any CPU
		{E92FAA24-746A-443F-A5D2-F56580ECF2A3}.Debug|Any CPU.Build.0 = Debug|Any CPU
		{E92FAA24-746A-443F-A5D2-F56580ECF2A3}.Release|Any CPU.ActiveCfg = Release|Any CPU
		{E92FAA24-746A-443F-A5D2-F56580ECF2A3}.Release|Any CPU.Build.0 = Release|Any CPU
	EndGlobalSection
	GlobalSection(SolutionProperties) = preSolution
		HideSolutionNode = FALSE
	EndGlobalSection
	GlobalSection(ExtensibilityGlobals) = postSolution
		SolutionGuid = {378AD44A-C31F-4820-9A6F-3348D50547B8}
	EndGlobalSection
EndGlobal
