
Microsoft Visual Studio Solution File, Format Version 12.00
# Visual Studio Version 17
VisualStudioVersion = 17.3.32922.545
MinimumVisualStudioVersion = 10.0.40219.1
Project("{FAE04EC0-301F-11D3-BF4B-00C04F79EFBC}") = "Proje03_DegiskenOrnekleri", "Proje03_DegiskenOrnekleri\Proje03_DegiskenOrnekleri.csproj", "{B61721C6-DD90-4D7B-9668-3E36387F4880}"
EndProject
Global
	GlobalSection(SolutionConfigurationPlatforms) = preSolution
		Debug|Any CPU = Debug|Any CPU
		Release|Any CPU = Release|Any CPU
	EndGlobalSection
	GlobalSection(ProjectConfigurationPlatforms) = postSolution
		{B61721C6-DD90-4D7B-9668-3E36387F4880}.Debug|Any CPU.ActiveCfg = Debug|Any CPU
		{B61721C6-DD90-4D7B-9668-3E36387F4880}.Debug|Any CPU.Build.0 = Debug|Any CPU
		{B61721C6-DD90-4D7B-9668-3E36387F4880}.Release|Any CPU.ActiveCfg = Release|Any CPU
		{B61721C6-DD90-4D7B-9668-3E36387F4880}.Release|Any CPU.Build.0 = Release|Any CPU
	EndGlobalSection
	GlobalSection(SolutionProperties) = preSolution
		HideSolutionNode = FALSE
	EndGlobalSection
	GlobalSection(ExtensibilityGlobals) = postSolution
		SolutionGuid = {1FD851AE-D486-4E5E-99A5-ABD442C9D13C}
	EndGlobalSection
EndGlobal
