
Microsoft Visual Studio Solution File, Format Version 12.00
# Visual Studio Version 17
VisualStudioVersion = 17.3.32922.545
MinimumVisualStudioVersion = 10.0.40219.1
Project("{FAE04EC0-301F-11D3-BF4B-00C04F79EFBC}") = "Proje02_Degiskenler", "Proje02_Degiskenler\Proje02_Degiskenler.csproj", "{D87EC8A0-738B-48D0-B891-4A3F34E19ED3}"
EndProject
Global
	GlobalSection(SolutionConfigurationPlatforms) = preSolution
		Debug|Any CPU = Debug|Any CPU
		Release|Any CPU = Release|Any CPU
	EndGlobalSection
	GlobalSection(ProjectConfigurationPlatforms) = postSolution
		{D87EC8A0-738B-48D0-B891-4A3F34E19ED3}.Debug|Any CPU.ActiveCfg = Debug|Any CPU
		{D87EC8A0-738B-48D0-B891-4A3F34E19ED3}.Debug|Any CPU.Build.0 = Debug|Any CPU
		{D87EC8A0-738B-48D0-B891-4A3F34E19ED3}.Release|Any CPU.ActiveCfg = Release|Any CPU
		{D87EC8A0-738B-48D0-B891-4A3F34E19ED3}.Release|Any CPU.Build.0 = Release|Any CPU
	EndGlobalSection
	GlobalSection(SolutionProperties) = preSolution
		HideSolutionNode = FALSE
	EndGlobalSection
	GlobalSection(ExtensibilityGlobals) = postSolution
		SolutionGuid = {2F367A80-E4D8-4E85-88A2-5BB285B54FC0}
	EndGlobalSection
EndGlobal
