
Microsoft Visual Studio Solution File, Format Version 12.00
# Visual Studio Version 17
VisualStudioVersion = 17.3.32922.545
MinimumVisualStudioVersion = 10.0.40219.1
Project("{FAE04EC0-301F-11D3-BF4B-00C04F79EFBC}") = "Proje08_HataKontrolu", "Proje08_HataKontrolu.csproj", "{7D4825BA-77B6-427E-95E3-50C85935C437}"
EndProject
Global
	GlobalSection(SolutionConfigurationPlatforms) = preSolution
		Debug|Any CPU = Debug|Any CPU
		Release|Any CPU = Release|Any CPU
	EndGlobalSection
	GlobalSection(ProjectConfigurationPlatforms) = postSolution
		{7D4825BA-77B6-427E-95E3-50C85935C437}.Debug|Any CPU.ActiveCfg = Debug|Any CPU
		{7D4825BA-77B6-427E-95E3-50C85935C437}.Debug|Any CPU.Build.0 = Debug|Any CPU
		{7D4825BA-77B6-427E-95E3-50C85935C437}.Release|Any CPU.ActiveCfg = Release|Any CPU
		{7D4825BA-77B6-427E-95E3-50C85935C437}.Release|Any CPU.Build.0 = Release|Any CPU
	EndGlobalSection
	GlobalSection(SolutionProperties) = preSolution
		HideSolutionNode = FALSE
	EndGlobalSection
	GlobalSection(ExtensibilityGlobals) = postSolution
		SolutionGuid = {348AD923-8047-433E-844B-06405821D0BE}
	EndGlobalSection
EndGlobal
